
Microsoft Visual Studio Solution File, Format Version 12.00
# Visual Studio 2013
VisualStudioVersion = 12.0.21005.1
MinimumVisualStudioVersion = 10.0.40219.1
Project("{FAE04EC0-301F-11D3-BF4B-00C04F79EFBC}") = "Snake", "Snake\Snake.csproj", "{48A64822-5D47-438E-A2C5-021E8F72F71D}"
EndProject
Global
	GlobalSection(SolutionConfigurationPlatforms) = preSolution
		Debug|Any CPU = Debug|Any CPU
		Release|Any CPU = Release|Any CPU
	EndGlobalSection
	GlobalSection(ProjectConfigurationPlatforms) = postSolution
		{48A64822-5D47-438E-A2C5-021E8F72F71D}.Debug|Any CPU.ActiveCfg = Debug|Any CPU
		{48A64822-5D47-438E-A2C5-021E8F72F71D}.Debug|Any CPU.Build.0 = Debug|Any CPU
		{48A64822-5D47-438E-A2C5-021E8F72F71D}.Release|Any CPU.ActiveCfg = Release|Any CPU
		{48A64822-5D47-438E-A2C5-021E8F72F71D}.Release|Any CPU.Build.0 = Release|Any CPU
	EndGlobalSection
	GlobalSection(SolutionProperties) = preSolution
		HideSolutionNode = FALSE
	EndGlobalSection
EndGlobal
